{
    "_readme": [
        "This file locks the dependencies of your project to a known state",
        "Read more about it at http://getcomposer.org/doc/01-basic-usage.md#composer-lock-the-lock-file",
        "This file is @generated automatically"
    ],
    "hash": "f13722f8cfcc0d1a6fa5f1965fb66ce7",
    "packages": [
        {
            "name": "anahkiasen/underscore-php",
            "version": "dev-master",
            "source": {
                "type": "git",
                "url": "https://github.com/Anahkiasen/underscore-php.git",
                "reference": "f310aea3006d812160f57c04fc8a78062de694a2"
            },
            "dist": {
                "type": "zip",
                "url": "https://api.github.com/repos/Anahkiasen/underscore-php/zipball/f310aea3006d812160f57c04fc8a78062de694a2",
                "reference": "f310aea3006d812160f57c04fc8a78062de694a2",
                "shasum": ""
            },
            "require": {
                "illuminate/support": "~4",
                "patchwork/utf8": "1.1.*",
                "php": ">=5.3.0"
            },
            "type": "library",
            "autoload": {
                "psr-4": {
                    "Underscore\\": [
                        "src",
                        "tests"
                    ]
                }
            },
            "notification-url": "https://packagist.org/downloads/",
            "license": [
                "MIT"
            ],
            "authors": [
                {
                    "name": "Maxime Fabre",
                    "email": "ehtnam6@gmail.com"
                }
            ],
            "description": "A redacted port of Underscore.js for PHP",
            "keywords": [
                "internals",
                "laravel",
                "toolkit"
            ],
            "time": "2014-10-04 13:56:59"
        },
        {
            "name": "illuminate/support",
            "version": "v4.2.9",
            "target-dir": "Illuminate/Support",
            "source": {
                "type": "git",
                "url": "https://github.com/illuminate/support.git",
                "reference": "b6716d34afce6e69523725f2534a5c3a54dba964"
            },
            "dist": {
                "type": "zip",
                "url": "https://api.github.com/repos/illuminate/support/zipball/b6716d34afce6e69523725f2534a5c3a54dba964",
                "reference": "b6716d34afce6e69523725f2534a5c3a54dba964",
                "shasum": ""
            },
            "require": {
                "php": ">=5.4.0"
            },
            "require-dev": {
                "jeremeamia/superclosure": "~1.0",
                "patchwork/utf8": "1.1.*"
            },
            "type": "library",
            "extra": {
                "branch-alias": {
                    "dev-master": "4.2-dev"
                }
            },
            "autoload": {
                "psr-0": {
                    "Illuminate\\Support": ""
                },
                "files": [
                    "Illuminate/Support/helpers.php"
                ]
            },
            "notification-url": "https://packagist.org/downloads/",
            "license": [
                "MIT"
            ],
            "authors": [
                {
                    "name": "Taylor Otwell",
                    "email": "taylorotwell@gmail.com"
                }
            ],
            "time": "2014-09-12 21:42:43"
        },
        {
            "name": "patchwork/utf8",
            "version": "v1.1.25",
            "source": {
                "type": "git",
                "url": "https://github.com/nicolas-grekas/Patchwork-UTF8.git",
                "reference": "2d43bd047b120279511d45e76e61c5a9812d9a83"
            },
            "dist": {
                "type": "zip",
                "url": "https://api.github.com/repos/nicolas-grekas/Patchwork-UTF8/zipball/2d43bd047b120279511d45e76e61c5a9812d9a83",
                "reference": "2d43bd047b120279511d45e76e61c5a9812d9a83",
                "shasum": ""
            },
            "require": {
                "lib-pcre": ">=7.3",
                "php": ">=5.3.0"
            },
            "suggest": {
                "ext-iconv": "Use iconv for best performance",
                "ext-intl": "Use Intl for best performance",
                "ext-mbstring": "Use Mbstring for best performance"
            },
            "type": "library",
            "extra": {
                "branch-alias": {
                    "dev-master": "1.1-dev"
                }
            },
            "autoload": {
                "psr-0": {
                    "Patchwork": "class/",
                    "Normalizer": "class/"
                }
            },
            "notification-url": "https://packagist.org/downloads/",
            "license": [
                "(Apache-2.0 or GPL-2.0)"
            ],
            "authors": [
                {
                    "name": "Nicolas Grekas",
                    "email": "p@tchwork.com",
                    "role": "Developer"
                }
            ],
            "description": "Extensive, portable and performant handling of UTF-8 and grapheme clusters for PHP",
            "homepage": "https://github.com/nicolas-grekas/Patchwork-UTF8",
            "keywords": [
                "i18n",
                "unicode",
                "utf-8",
                "utf8"
            ],
            "time": "2014-08-05 08:00:32"
        },
        {
            "name": "phpmailer/phpmailer",
            "version": "dev-master",
            "source": {
                "type": "git",
                "url": "https://github.com/PHPMailer/PHPMailer.git",
                "reference": "09d40c428f11092f7cce16405594df3f0a348d5a"
            },
            "dist": {
                "type": "zip",
                "url": "https://api.github.com/repos/PHPMailer/PHPMailer/zipball/09d40c428f11092f7cce16405594df3f0a348d5a",
                "reference": "09d40c428f11092f7cce16405594df3f0a348d5a",
                "shasum": ""
            },
            "require": {
                "php": ">=5.0.0"
            },
            "require-dev": {
                "phpdocumentor/phpdocumentor": "*",
                "phpunit/phpunit": "4.1.*"
            },
            "type": "library",
            "autoload": {
                "classmap": [
                    "class.phpmailer.php",
                    "class.pop3.php",
                    "class.smtp.php"
                ]
            },
            "notification-url": "https://packagist.org/downloads/",
            "license": [
                "LGPL-2.1"
            ],
            "authors": [
                {
                    "name": "Jim Jagielski",
                    "email": "jimjag@gmail.com"
                },
                {
                    "name": "Marcus Bointon",
                    "email": "phpmailer@synchromedia.co.uk"
                },
                {
                    "name": "Andy Prevost",
                    "email": "codeworxtech@users.sourceforge.net"
                },
                {
                    "name": "Brent R. Matzelle"
                }
            ],
            "description": "PHPMailer is a full-featured email creation and transfer class for PHP",
            "time": "2014-10-15 09:06:58"
        }
    ],
    "packages-dev": [],
    "aliases": [],
    "minimum-stability": "stable",
    "stability-flags": {
        "phpmailer/phpmailer": 20,
        "anahkiasen/underscore-php": 20
    },
    "prefer-stable": false,
    "platform": [],
    "platform-dev": []
}
